// !$*UTF8*$!
{
	archiveVersion = 1;
	classes = {
	};
	objectVersion = 46;
	objects = {

/* Begin PBXBuildFile section */
		977D54531D2D0A00000C5636 /* AppDelegate.swift in Sources */ = {isa = PBXBuildFile; fileRef = 977D54521D2D0A00000C5636 /* AppDelegate.swift */; };
		977D54551D2D0A00000C5636 /* ViewController.swift in Sources */ = {isa = PBXBuildFile; fileRef = 977D54541D2D0A00000C5636 /* ViewController.swift */; };
		977D54581D2D0A00000C5636 /* Main.storyboard in Resources */ = {isa = PBXBuildFile; fileRef = 977D54561D2D0A00000C5636 /* Main.storyboard */; };
		977D545A1D2D0A00000C5636 /* Assets.xcassets in Resources */ = {isa = PBXBuildFile; fileRef = 977D54591D2D0A00000C5636 /* Assets.xcassets */; };
		977D545D1D2D0A00000C5636 /* LaunchScreen.storyboard in Resources */ = {isa = PBXBuildFile; fileRef = 977D545B1D2D0A00000C5636 /* LaunchScreen.storyboard */; };
		977D54681D2D0A00000C5636 /* Demo03_GetFacebookAvatarTests.swift in Sources */ = {isa = PBXBuildFile; fileRef = 977D54671D2D0A00000C5636 /* Demo03_GetFacebookAvatarTests.swift */; };
		977D54731D2D0A00000C5636 /* Demo03_GetFacebookAvatarUITests.swift in Sources */ = {isa = PBXBuildFile; fileRef = 977D54721D2D0A00000C5636 /* Demo03_GetFacebookAvatarUITests.swift */; };
/* End PBXBuildFile section */

/* Begin PBXContainerItemProxy section */
		977D54641D2D0A00000C5636 /* PBXContainerItemProxy */ = {
			isa = PBXContainerItemProxy;
			containerPortal = 977D54471D2D0A00000C5636 /* Project object */;
			proxyType = 1;
			remoteGlobalIDString = 977D544E1D2D0A00000C5636;
			remoteInfo = "Demo03-GetFacebookAvatar";
		};
		977D546F1D2D0A00000C5636 /* PBXContainerItemProxy */ = {
			isa = PBXContainerItemProxy;
			containerPortal = 977D54471D2D0A00000C5636 /* Project object */;
			proxyType = 1;
			remoteGlobalIDString = 977D544E1D2D0A00000C5636;
			remoteInfo = "Demo03-GetFacebookAvatar";
		};
/* End PBXContainerItemProxy section */

/* Begin PBXFileReference section */
		977D544F1D2D0A00000C5636 /* Demo03-GetFacebookAvatar.app */ = {isa = PBXFileReference; explicitFileType = wrapper.application; includeInIndex = 0; path = "Demo03-GetFacebookAvatar.app"; sourceTree = BUILT_PRODUCTS_DIR; };
		977D54521D2D0A00000C5636 /* AppDelegate.swift */ = {isa = PBXFileReference; lastKnownFileType = sourcecode.swift; path = AppDelegate.swift; sourceTree = "<group>"; };
		977D54541D2D0A00000C5636 /* ViewController.swift */ = {isa = PBXFileReference; lastKnownFileType = sourcecode.swift; path = ViewController.swift; sourceTree = "<group>"; };
		977D54571D2D0A00000C5636 /* Base */ = {isa = PBXFileReference; lastKnownFileType = file.storyboard; name = Base; path = Base.lproj/Main.storyboard; sourceTree = "<group>"; };
		977D54591D2D0A00000C5636 /* Assets.xcassets */ = {isa = PBXFileReference; lastKnownFileType = folder.assetcatalog; path = Assets.xcassets; sourceTree = "<group>"; };
		977D545C1D2D0A00000C5636 /* Base */ = {isa = PBXFileReference; lastKnownFileType = file.storyboard; name = Base; path = Base.lproj/LaunchScreen.storyboard; sourceTree = "<group>"; };
		977D545E1D2D0A00000C5636 /* Info.plist */ = {isa = PBXFileReference; lastKnownFileType = text.plist.xml; path = Info.plist; sourceTree = "<group>"; };
		977D54631D2D0A00000C5636 /* Demo03-GetFacebookAvatarTests.xctest */ = {isa = PBXFileReference; explicitFileType = wrapper.cfbundle; includeInIndex = 0; path = "Demo03-GetFacebookAvatarTests.xctest"; sourceTree = BUILT_PRODUCTS_DIR; };
		977D54671D2D0A00000C5636 /* Demo03_GetFacebookAvatarTests.swift */ = {isa = PBXFileReference; lastKnownFileType = sourcecode.swift; path = Demo03_GetFacebookAvatarTests.swift; sourceTree = "<group>"; };
		977D54691D2D0A00000C5636 /* Info.plist */ = {isa = PBXFileReference; lastKnownFileType = text.plist.xml; path = Info.plist; sourceTree = "<group>"; };
		977D546E1D2D0A00000C5636 /* Demo03-GetFacebookAvatarUITests.xctest */ = {isa = PBXFileReference; explicitFileType = wrapper.cfbundle; includeInIndex = 0; path = "Demo03-GetFacebookAvatarUITests.xctest"; sourceTree = BUILT_PRODUCTS_DIR; };
		977D54721D2D0A00000C5636 /* Demo03_GetFacebookAvatarUITests.swift */ = {isa = PBXFileReference; lastKnownFileType = sourcecode.swift; path = Demo03_GetFacebookAvatarUITests.swift; sourceTree = "<group>"; };
		977D54741D2D0A00000C5636 /* Info.plist */ = {isa = PBXFileReference; lastKnownFileType = text.plist.xml; path = Info.plist; sourceTree = "<group>"; };
/* End PBXFileReference section */

/* Begin PBXFrameworksBuildPhase section */
		977D544C1D2D0A00000C5636 /* Frameworks */ = {
			isa = PBXFrameworksBuildPhase;
			buildActionMask = 2147483647;
			files = (
			);
			runOnlyForDeploymentPostprocessing = 0;
		};
		977D54601D2D0A00000C5636 /* Frameworks */ = {
			isa = PBXFrameworksBuildPhase;
			buildActionMask = 2147483647;
			files = (
			);
			runOnlyForDeploymentPostprocessing = 0;
		};
		977D546B1D2D0A00000C5636 /* Frameworks */ = {
			isa = PBXFrameworksBuildPhase;
			buildActionMask = 2147483647;
			files = (
			);
			runOnlyForDeploymentPostprocessing = 0;
		};
/* End PBXFrameworksBuildPhase section */

/* Begin PBXGroup section */
		977D54461D2D0A00000C5636 = {
			isa = PBXGroup;
			children = (
				977D54511D2D0A00000C5636 /* Demo03-GetFacebookAvatar */,
				977D54661D2D0A00000C5636 /* Demo03-GetFacebookAvatarTests */,
				977D54711D2D0A00000C5636 /* Demo03-GetFacebookAvatarUITests */,
				977D54501D2D0A00000C5636 /* Products */,
			);
			sourceTree = "<group>";
		};
		977D54501D2D0A00000C5636 /* Products */ = {
			isa = PBXGroup;
			children = (
				977D544F1D2D0A00000C5636 /* Demo03-GetFacebookAvatar.app */,
				977D54631D2D0A00000C5636 /* Demo03-GetFacebookAvatarTests.xctest */,
				977D546E1D2D0A00000C5636 /* Demo03-GetFacebookAvatarUITests.xctest */,
			);
			name = Products;
			sourceTree = "<group>";
		};
		977D54511D2D0A00000C5636 /* Demo03-GetFacebookAvatar */ = {
			isa = PBXGroup;
			children = (
				977D54521D2D0A00000C5636 /* AppDelegate.swift */,
				977D54541D2D0A00000C5636 /* ViewController.swift */,
				977D54561D2D0A00000C5636 /* Main.storyboard */,
				977D54591D2D0A00000C5636 /* Assets.xcassets */,
				977D545B1D2D0A00000C5636 /* LaunchScreen.storyboard */,
				977D545E1D2D0A00000C5636 /* Info.plist */,
			);
			path = "Demo03-GetFacebookAvatar";
			sourceTree = "<group>";
		};
		977D54661D2D0A00000C5636 /* Demo03-GetFacebookAvatarTests */ = {
			isa = PBXGroup;
			children = (
				977D54671D2D0A00000C5636 /* Demo03_GetFacebookAvatarTests.swift */,
				977D54691D2D0A00000C5636 /* Info.plist */,
			);
			path = "Demo03-GetFacebookAvatarTests";
			sourceTree = "<group>";
		};
		977D54711D2D0A00000C5636 /* Demo03-GetFacebookAvatarUITests */ = {
			isa = PBXGroup;
			children = (
				977D54721D2D0A00000C5636 /* Demo03_GetFacebookAvatarUITests.swift */,
				977D54741D2D0A00000C5636 /* Info.plist */,
			);
			path = "Demo03-GetFacebookAvatarUITests";
			sourceTree = "<group>";
		};
/* End PBXGroup section */

/* Begin PBXNativeTarget section */
		977D544E1D2D0A00000C5636 /* Demo03-GetFacebookAvatar */ = {
			isa = PBXNativeTarget;
			buildConfigurationList = 977D54771D2D0A00000C5636 /* Build configuration list for PBXNativeTarget "Demo03-GetFacebookAvatar" */;
			buildPhases = (
				977D544B1D2D0A00000C5636 /* Sources */,
				977D544C1D2D0A00000C5636 /* Frameworks */,
				977D544D1D2D0A00000C5636 /* Resources */,
			);
			buildRules = (
			);
			dependencies = (
			);
			name = "Demo03-GetFacebookAvatar";
			productName = "Demo03-GetFacebookAvatar";
			productReference = 977D544F1D2D0A00000C5636 /* Demo03-GetFacebookAvatar.app */;
			productType = "com.apple.product-type.application";
		};
		977D54621D2D0A00000C5636 /* Demo03-GetFacebookAvatarTests */ = {
			isa = PBXNativeTarget;
			buildConfigurationList = 977D547A1D2D0A00000C5636 /* Build configuration list for PBXNativeTarget "Demo03-GetFacebookAvatarTests" */;
			buildPhases = (
				977D545F1D2D0A00000C5636 /* Sources */,
				977D54601D2D0A00000C5636 /* Frameworks */,
				977D54611D2D0A00000C5636 /* Resources */,
			);
			buildRules = (
			);
			dependencies = (
				977D54651D2D0A00000C5636 /* PBXTargetDependency */,
			);
			name = "Demo03-GetFacebookAvatarTests";
			productName = "Demo03-GetFacebookAvatarTests";
			productReference = 977D54631D2D0A00000C5636 /* Demo03-GetFacebookAvatarTests.xctest */;
			productType = "com.apple.product-type.bundle.unit-test";
		};
		977D546D1D2D0A00000C5636 /* Demo03-GetFacebookAvatarUITests */ = {
			isa = PBXNativeTarget;
			buildConfigurationList = 977D547D1D2D0A00000C5636 /* Build configuration list for PBXNativeTarget "Demo03-GetFacebookAvatarUITests" */;
			buildPhases = (
				977D546A1D2D0A00000C5636 /* Sources */,
				977D546B1D2D0A00000C5636 /* Frameworks */,
				977D546C1D2D0A00000C5636 /* Resources */,
			);
			buildRules = (
			);
			dependencies = (
				977D54701D2D0A00000C5636 /* PBXTargetDependency */,
			);
			name = "Demo03-GetFacebookAvatarUITests";
			productName = "Demo03-GetFacebookAvatarUITests";
			productReference = 977D546E1D2D0A00000C5636 /* Demo03-GetFacebookAvatarUITests.xctest */;
			productType = "com.apple.product-type.bundle.ui-testing";
		};
/* End PBXNativeTarget section */

/* Begin PBXProject section */
		977D54471D2D0A00000C5636 /* Project object */ = {
			isa = PBXProject;
			attributes = {
				LastSwiftUpdateCheck = 0730;
				LastUpgradeCheck = 0730;
				ORGANIZATIONNAME = "Luong Vo";
				TargetAttributes = {
					977D544E1D2D0A00000C5636 = {
						CreatedOnToolsVersion = 7.3.1;
					};
					977D54621D2D0A00000C5636 = {
						CreatedOnToolsVersion = 7.3.1;
						TestTargetID = 977D544E1D2D0A00000C5636;
					};
					977D546D1D2D0A00000C5636 = {
						CreatedOnToolsVersion = 7.3.1;
						TestTargetID = 977D544E1D2D0A00000C5636;
					};
				};
			};
			buildConfigurationList = 977D544A1D2D0A00000C5636 /* Build configuration list for PBXProject "Demo03-GetFacebookAvatar" */;
			compatibilityVersion = "Xcode 3.2";
			developmentRegion = English;
			hasScannedForEncodings = 0;
			knownRegions = (
				en,
				Base,
			);
			mainGroup = 977D54461D2D0A00000C5636;
			productRefGroup = 977D54501D2D0A00000C5636 /* Products */;
			projectDirPath = "";
			projectRoot = "";
			targets = (
				977D544E1D2D0A00000C5636 /* Demo03-GetFacebookAvatar */,
				977D54621D2D0A00000C5636 /* Demo03-GetFacebookAvatarTests */,
				977D546D1D2D0A00000C5636 /* Demo03-GetFacebookAvatarUITests */,
			);
		};
/* End PBXProject section */

/* Begin PBXResourcesBuildPhase section */
		977D544D1D2D0A00000C5636 /* Resources */ = {
			isa = PBXResourcesBuildPhase;
			buildActionMask = 2147483647;
			files = (
				977D545D1D2D0A00000C5636 /* LaunchScreen.storyboard in Resources */,
				977D545A1D2D0A00000C5636 /* Assets.xcassets in Resources */,
				977D54581D2D0A00000C5636 /* Main.storyboard in Resources */,
			);
			runOnlyForDeploymentPostprocessing = 0;
		};
		977D54611D2D0A00000C5636 /* Resources */ = {
			isa = PBXResourcesBuildPhase;
			buildActionMask = 2147483647;
			files = (
			);
			runOnlyForDeploymentPostprocessing = 0;
		};
		977D546C1D2D0A00000C5636 /* Resources */ = {
			isa = PBXResourcesBuildPhase;
			buildActionMask = 2147483647;
			files = (
			);
			runOnlyForDeploymentPostprocessing = 0;
		};
/* End PBXResourcesBuildPhase section */

/* Begin PBXSourcesBuildPhase section */
		977D544B1D2D0A00000C5636 /* Sources */ = {
			isa = PBXSourcesBuildPhase;
			buildActionMask = 2147483647;
			files = (
				977D54551D2D0A00000C5636 /* ViewController.swift in Sources */,
				977D54531D2D0A00000C5636 /* AppDelegate.swift in Sources */,
			);
			runOnlyForDeploymentPostprocessing = 0;
		};
		977D545F1D2D0A00000C5636 /* Sources */ = {
			isa = PBXSourcesBuildPhase;
			buildActionMask = 2147483647;
			files = (
				977D54681D2D0A00000C5636 /* Demo03_GetFacebookAvatarTests.swift in Sources */,
			);
			runOnlyForDeploymentPostprocessing = 0;
		};
		977D546A1D2D0A00000C5636 /* Sources */ = {
			isa = PBXSourcesBuildPhase;
			buildActionMask = 2147483647;
			files = (
				977D54731D2D0A00000C5636 /* Demo03_GetFacebookAvatarUITests.swift in Sources */,
			);
			runOnlyForDeploymentPostprocessing = 0;
		};
/* End PBXSourcesBuildPhase section */

/* Begin PBXTargetDependency section */
		977D54651D2D0A00000C5636 /* PBXTargetDependency */ = {
			isa = PBXTargetDependency;
			target = 977D544E1D2D0A00000C5636 /* Demo03-GetFacebookAvatar */;
			targetProxy = 977D54641D2D0A00000C5636 /* PBXContainerItemProxy */;
		};
		977D54701D2D0A00000C5636 /* PBXTargetDependency */ = {
			isa = PBXTargetDependency;
			target = 977D544E1D2D0A00000C5636 /* Demo03-GetFacebookAvatar */;
			targetProxy = 977D546F1D2D0A00000C5636 /* PBXContainerItemProxy */;
		};
/* End PBXTargetDependency section */

/* Begin PBXVariantGroup section */
		977D54561D2D0A00000C5636 /* Main.storyboard */ = {
			isa = PBXVariantGroup;
			children = (
				977D54571D2D0A00000C5636 /* Base */,
			);
			name = Main.storyboard;
			sourceTree = "<group>";
		};
		977D545B1D2D0A00000C5636 /* LaunchScreen.storyboard */ = {
			isa = PBXVariantGroup;
			children = (
				977D545C1D2D0A00000C5636 /* Base */,
			);
			name = LaunchScreen.storyboard;
			sourceTree = "<group>";
		};
/* End PBXVariantGroup section */

/* Begin XCBuildConfiguration section */
		977D54751D2D0A00000C5636 /* Debug */ = {
			isa = XCBuildConfiguration;
			buildSettings = {
				ALWAYS_SEARCH_USER_PATHS = NO;
				CLANG_ANALYZER_NONNULL = YES;
				CLANG_CXX_LANGUAGE_STANDARD = "gnu++0x";
				CLANG_CXX_LIBRARY = "libc++";
				CLANG_ENABLE_MODULES = YES;
				CLANG_ENABLE_OBJC_ARC = YES;
				CLANG_WARN_BOOL_CONVERSION = YES;
				CLANG_WARN_CONSTANT_CONVERSION = YES;
				CLANG_WARN_DIRECT_OBJC_ISA_USAGE = YES_ERROR;
				CLANG_WARN_EMPTY_BODY = YES;
				CLANG_WARN_ENUM_CONVERSION = YES;
				CLANG_WARN_INT_CONVERSION = YES;
				CLANG_WARN_OBJC_ROOT_CLASS = YES_ERROR;
				CLANG_WARN_UNREACHABLE_CODE = YES;
				CLANG_WARN__DUPLICATE_METHOD_MATCH = YES;
				"CODE_SIGN_IDENTITY[sdk=iphoneos*]" = "iPhone Developer";
				COPY_PHASE_STRIP = NO;
				DEBUG_INFORMATION_FORMAT = dwarf;
				ENABLE_STRICT_OBJC_MSGSEND = YES;
				ENABLE_TESTABILITY = YES;
				GCC_C_LANGUAGE_STANDARD = gnu99;
				GCC_DYNAMIC_NO_PIC = NO;
				GCC_NO_COMMON_BLOCKS = YES;
				GCC_OPTIMIZATION_LEVEL = 0;
				GCC_PREPROCESSOR_DEFINITIONS = (
					"DEBUG=1",
					"$(inherited)",
				);
				GCC_WARN_64_TO_32_BIT_CONVERSION = YES;
				GCC_WARN_ABOUT_RETURN_TYPE = YES_ERROR;
				GCC_WARN_UNDECLARED_SELECTOR = YES;
				GCC_WARN_UNINITIALIZED_AUTOS = YES_AGGRESSIVE;
				GCC_WARN_UNUSED_FUNCTION = YES;
				GCC_WARN_UNUSED_VARIABLE = YES;
				IPHONEOS_DEPLOYMENT_TARGET = 9.3;
				MTL_ENABLE_DEBUG_INFO = YES;
				ONLY_ACTIVE_ARCH = YES;
				SDKROOT = iphoneos;
				SWIFT_OPTIMIZATION_LEVEL = "-Onone";
				TARGETED_DEVICE_FAMILY = "1,2";
			};
			name = Debug;
		};
		977D54761D2D0A00000C5636 /* Release */ = {
			isa = XCBuildConfiguration;
			buildSettings = {
				ALWAYS_SEARCH_USER_PATHS = NO;
				CLANG_ANALYZER_NONNULL = YES;
				CLANG_CXX_LANGUAGE_STANDARD = "gnu++0x";
				CLANG_CXX_LIBRARY = "libc++";
				CLANG_ENABLE_MODULES = YES;
				CLANG_ENABLE_OBJC_ARC = YES;
				CLANG_WARN_BOOL_CONVERSION = YES;
				CLANG_WARN_CONSTANT_CONVERSION = YES;
				CLANG_WARN_DIRECT_OBJC_ISA_USAGE = YES_ERROR;
				CLANG_WARN_EMPTY_BODY = YES;
				CLANG_WARN_ENUM_CONVERSION = YES;
				CLANG_WARN_INT_CONVERSION = YES;
				CLANG_WARN_OBJC_ROOT_CLASS = YES_ERROR;
				CLANG_WARN_UNREACHABLE_CODE = YES;
				CLANG_WARN__DUPLICATE_METHOD_MATCH = YES;
				"CODE_SIGN_IDENTITY[sdk=iphoneos*]" = "iPhone Developer";
				COPY_PHASE_STRIP = NO;
				DEBUG_INFORMATION_FORMAT = "dwarf-with-dsym";
				ENABLE_NS_ASSERTIONS = NO;
				ENABLE_STRICT_OBJC_MSGSEND = YES;
				GCC_C_LANGUAGE_STANDARD = gnu99;
				GCC_NO_COMMON_BLOCKS = YES;
				GCC_WARN_64_TO_32_BIT_CONVERSION = YES;
				GCC_WARN_ABOUT_RETURN_TYPE = YES_ERROR;
				GCC_WARN_UNDECLARED_SELECTOR = YES;
				GCC_WARN_UNINITIALIZED_AUTOS = YES_AGGRESSIVE;
				GCC_WARN_UNUSED_FUNCTION = YES;
				GCC_WARN_UNUSED_VARIABLE = YES;
				IPHONEOS_DEPLOYMENT_TARGET = 9.3;
				MTL_ENABLE_DEBUG_INFO = NO;
				SDKROOT = iphoneos;
				TARGETED_DEVICE_FAMILY = "1,2";
				VALIDATE_PRODUCT = YES;
			};
			name = Release;
		};
		977D54781D2D0A00000C5636 /* Debug */ = {
			isa = XCBuildConfiguration;
			buildSettings = {
				ASSETCATALOG_COMPILER_APPICON_NAME = AppIcon;
				INFOPLIST_FILE = "Demo03-GetFacebookAvatar/Info.plist";
				LD_RUNPATH_SEARCH_PATHS = "$(inherited) @executable_path/Frameworks";
				PRODUCT_BUNDLE_IDENTIFIER = "vn.luongvo.training.Demo03-GetFacebookAvatar";
				PRODUCT_NAME = "$(TARGET_NAME)";
			};
			name = Debug;
		};
		977D54791D2D0A00000C5636 /* Release */ = {
			isa = XCBuildConfiguration;
			buildSettings = {
				ASSETCATALOG_COMPILER_APPICON_NAME = AppIcon;
				INFOPLIST_FILE = "Demo03-GetFacebookAvatar/Info.plist";
				LD_RUNPATH_SEARCH_PATHS = "$(inherited) @executable_path/Frameworks";
				PRODUCT_BUNDLE_IDENTIFIER = "vn.luongvo.training.Demo03-GetFacebookAvatar";
				PRODUCT_NAME = "$(TARGET_NAME)";
			};
			name = Release;
		};
		977D547B1D2D0A00000C5636 /* Debug */ = {
			isa = XCBuildConfiguration;
			buildSettings = {
				BUNDLE_LOADER = "$(TEST_HOST)";
				INFOPLIST_FILE = "Demo03-GetFacebookAvatarTests/Info.plist";
				LD_RUNPATH_SEARCH_PATHS = "$(inherited) @executable_path/Frameworks @loader_path/Frameworks";
				PRODUCT_BUNDLE_IDENTIFIER = "vn.luongvo.training.Demo03-GetFacebookAvatarTests";
				PRODUCT_NAME = "$(TARGET_NAME)";
				TEST_HOST = "$(BUILT_PRODUCTS_DIR)/Demo03-GetFacebookAvatar.app/Demo03-GetFacebookAvatar";
			};
			name = Debug;
		};
		977D547C1D2D0A00000C5636 /* Release */ = {
			isa = XCBuildConfiguration;
			buildSettings = {
				BUNDLE_LOADER = "$(TEST_HOST)";
				INFOPLIST_FILE = "Demo03-GetFacebookAvatarTests/Info.plist";
				LD_RUNPATH_SEARCH_PATHS = "$(inherited) @executable_path/Frameworks @loader_path/Frameworks";
				PRODUCT_BUNDLE_IDENTIFIER = "vn.luongvo.training.Demo03-GetFacebookAvatarTests";
				PRODUCT_NAME = "$(TARGET_NAME)";
				TEST_HOST = "$(BUILT_PRODUCTS_DIR)/Demo03-GetFacebookAvatar.app/Demo03-GetFacebookAvatar";
			};
			name = Release;
		};
		977D547E1D2D0A00000C5636 /* Debug */ = {
			isa = XCBuildConfiguration;
			buildSettings = {
				INFOPLIST_FILE = "Demo03-GetFacebookAvatarUITests/Info.plist";
				LD_RUNPATH_SEARCH_PATHS = "$(inherited) @executable_path/Frameworks @loader_path/Frameworks";
				PRODUCT_BUNDLE_IDENTIFIER = "vn.luongvo.training.Demo03-GetFacebookAvatarUITests";
				PRODUCT_NAME = "$(TARGET_NAME)";
				TEST_TARGET_NAME = "Demo03-GetFacebookAvatar";
			};
			name = Debug;
		};
		977D547F1D2D0A00000C5636 /* Release */ = {
			isa = XCBuildConfiguration;
			buildSettings = {
				INFOPLIST_FILE = "Demo03-GetFacebookAvatarUITests/Info.plist";
				LD_RUNPATH_SEARCH_PATHS = "$(inherited) @executable_path/Frameworks @loader_path/Frameworks";
				PRODUCT_BUNDLE_IDENTIFIER = "vn.luongvo.training.Demo03-GetFacebookAvatarUITests";
				PRODUCT_NAME = "$(TARGET_NAME)";
				TEST_TARGET_NAME = "Demo03-GetFacebookAvatar";
			};
			name = Release;
		};
/* End XCBuildConfiguration section */

/* Begin XCConfigurationList section */
		977D544A1D2D0A00000C5636 /* Build configuration list for PBXProject "Demo03-GetFacebookAvatar" */ = {
			isa = XCConfigurationList;
			buildConfigurations = (
				977D54751D2D0A00000C5636 /* Debug */,
				977D54761D2D0A00000C5636 /* Release */,
			);
			defaultConfigurationIsVisible = 0;
			defaultConfigurationName = Release;
		};
		977D54771D2D0A00000C5636 /* Build configuration list for PBXNativeTarget "Demo03-GetFacebookAvatar" */ = {
			isa = XCConfigurationList;
			buildConfigurations = (
				977D54781D2D0A00000C5636 /* Debug */,
				977D54791D2D0A00000C5636 /* Release */,
			);
			defaultConfigurationIsVisible = 0;
		};
		977D547A1D2D0A00000C5636 /* Build configuration list for PBXNativeTarget "Demo03-GetFacebookAvatarTests" */ = {
			isa = XCConfigurationList;
			buildConfigurations = (
				977D547B1D2D0A00000C5636 /* Debug */,
				977D547C1D2D0A00000C5636 /* Release */,
			);
			defaultConfigurationIsVisible = 0;
		};
		977D547D1D2D0A00000C5636 /* Build configuration list for PBXNativeTarget "Demo03-GetFacebookAvatarUITests" */ = {
			isa = XCConfigurationList;
			buildConfigurations = (
				977D547E1D2D0A00000C5636 /* Debug */,
				977D547F1D2D0A00000C5636 /* Release */,
			);
			defaultConfigurationIsVisible = 0;
		};
/* End XCConfigurationList section */
	};
	rootObject = 977D54471D2D0A00000C5636 /* Project object */;
}
